[root]
name = "nesrs"
version = "0.1.0"
dependencies = [
 "regex 0.1.55 (registry+https://github.com/rust-lang/crates.io-index)",
 "sdl2 0.16.0 (registry+https://github.com/rust-lang/crates.io-index)",
]

[[package]]
name = "aho-corasick"
version = "0.5.1"
source = "registry+https://github.com/rust-lang/crates.io-index"
dependencies = [
 "memchr 0.1.10 (registry+https://github.com/rust-lang/crates.io-index)",
]

[[package]]
name = "bitflags"
version = "0.3.3"
source = "registry+https://github.com/rust-lang/crates.io-index"

[[package]]
name = "lazy_static"
version = "0.1.15"
source = "registry+https://github.com/rust-lang/crates.io-index"

[[package]]
name = "libc"
version = "0.2.7"
source = "registry+https://github.com/rust-lang/crates.io-index"

[[package]]
name = "memchr"
version = "0.1.10"
source = "registry+https://github.com/rust-lang/crates.io-index"
dependencies = [
 "libc 0.2.7 (registry+https://github.com/rust-lang/crates.io-index)",
]

[[package]]
name = "num"
version = "0.1.31"
source = "registry+https://github.com/rust-lang/crates.io-index"
dependencies = [
 "rand 0.3.14 (registry+https://github.com/rust-lang/crates.io-index)",
 "rustc-serialize 0.3.18 (registry+https://github.com/rust-lang/crates.io-index)",
]

[[package]]
name = "rand"
version = "0.3.14"
source = "registry+https://github.com/rust-lang/crates.io-index"
dependencies = [
 "libc 0.2.7 (registry+https://github.com/rust-lang/crates.io-index)",
]

[[package]]
name = "regex"
version = "0.1.55"
source = "registry+https://github.com/rust-lang/crates.io-index"
dependencies = [
 "aho-corasick 0.5.1 (registry+https://github.com/rust-lang/crates.io-index)",
 "memchr 0.1.10 (registry+https://github.com/rust-lang/crates.io-index)",
 "regex-syntax 0.2.5 (registry+https://github.com/rust-lang/crates.io-index)",
 "utf8-ranges 0.1.3 (registry+https://github.com/rust-lang/crates.io-index)",
]

[[package]]
name = "regex-syntax"
version = "0.2.5"
source = "registry+https://github.com/rust-lang/crates.io-index"

[[package]]
name = "rustc-serialize"
version = "0.3.18"
source = "registry+https://github.com/rust-lang/crates.io-index"

[[package]]
name = "sdl2"
version = "0.16.0"
source = "registry+https://github.com/rust-lang/crates.io-index"
dependencies = [
 "bitflags 0.3.3 (registry+https://github.com/rust-lang/crates.io-index)",
 "lazy_static 0.1.15 (registry+https://github.com/rust-lang/crates.io-index)",
 "libc 0.2.7 (registry+https://github.com/rust-lang/crates.io-index)",
 "num 0.1.31 (registry+https://github.com/rust-lang/crates.io-index)",
 "rand 0.3.14 (registry+https://github.com/rust-lang/crates.io-index)",
 "sdl2-sys 0.8.1 (registry+https://github.com/rust-lang/crates.io-index)",
]

[[package]]
name = "sdl2-sys"
version = "0.8.1"
source = "registry+https://github.com/rust-lang/crates.io-index"
dependencies = [
 "libc 0.2.7 (registry+https://github.com/rust-lang/crates.io-index)",
]

[[package]]
name = "utf8-ranges"
version = "0.1.3"
source = "registry+https://github.com/rust-lang/crates.io-index"

[metadata]
"checksum aho-corasick 0.5.1 (registry+https://github.com/rust-lang/crates.io-index)" = "67077478f0a03952bed2e6786338d400d40c25e9836e08ad50af96607317fd03"
"checksum bitflags 0.3.3 (registry+https://github.com/rust-lang/crates.io-index)" = "32866f4d103c4e438b1db1158aa1b1a80ee078e5d77a59a2f906fd62a577389c"
"checksum lazy_static 0.1.15 (registry+https://github.com/rust-lang/crates.io-index)" = "547fd11b0400fbab39f7a6df53c648cfb01b977233015d9e0784d595a5a6c449"
"checksum libc 0.2.7 (registry+https://github.com/rust-lang/crates.io-index)" = "4870ef6725dde13394134e587e4ab4eca13cb92e916209a31c851b49131d3c75"
"checksum memchr 0.1.10 (registry+https://github.com/rust-lang/crates.io-index)" = "c98adb597263e245c6ffe48dc50d338b51acb8cc53e8e7b3e9c21f53c0a411cb"
"checksum num 0.1.31 (registry+https://github.com/rust-lang/crates.io-index)" = "be45b3e341522564415a07118d7cf44896d0919e7a1bb21d59ad82af48256324"
"checksum rand 0.3.14 (registry+https://github.com/rust-lang/crates.io-index)" = "2791d88c6defac799c3f20d74f094ca33b9332612d9aef9078519c82e4fe04a5"
"checksum regex 0.1.55 (registry+https://github.com/rust-lang/crates.io-index)" = "6bac9eb930e370cda5a919cf45997527313fece117a55acfa437cfb66cd77e00"
"checksum regex-syntax 0.2.5 (registry+https://github.com/rust-lang/crates.io-index)" = "4ff684322f94961c686d3a5a167a7c403afd953061f9fecea0a63ac1b1809e93"
"checksum rustc-serialize 0.3.18 (registry+https://github.com/rust-lang/crates.io-index)" = "9cf81518cd579f8a9c58c0a71328bdb9be15c754181261da82583092dc8a7ff0"
"checksum sdl2 0.16.0 (registry+https://github.com/rust-lang/crates.io-index)" = "9a6d83c7ba2f35bf2f974359c649510ffb11437dea084f509164163056ea3bf7"
"checksum sdl2-sys 0.8.1 (registry+https://github.com/rust-lang/crates.io-index)" = "48bd067cbfaa00649afd649add954e8221af03815e2e261fab6caf274d77c4d1"
"checksum utf8-ranges 0.1.3 (registry+https://github.com/rust-lang/crates.io-index)" = "a1ca13c08c41c9c3e04224ed9ff80461d97e121589ff27c753a16cb10830ae0f"
